
Microsoft Visual Studio Solution File, Format Version 12.00
# Visual Studio 15
VisualStudioVersion = 15.0.35714.111
MinimumVisualStudioVersion = 10.0.40219.1
Project("{FAE04EC0-301F-11D3-BF4B-00C04F79EFBC}") = "EntidadesCs", "EntidadesCs\EntidadesCs.csproj", "{0C2161E0-5E69-4B3B-AB0A-349030756ABA}"
EndProject
Project("{FAE04EC0-301F-11D3-BF4B-00C04F79EFBC}") = "DemoCs", "DemoCs\DemoCs.csproj", "{A21AA2CD-FB16-4A14-9C48-BD26A9BD96E0}"
EndProject
Global
	GlobalSection(SolutionConfigurationPlatforms) = preSolution
		Debug|Any CPU = Debug|Any CPU
		Release|Any CPU = Release|Any CPU
	EndGlobalSection
	GlobalSection(ProjectConfigurationPlatforms) = postSolution
		{0C2161E0-5E69-4B3B-AB0A-349030756ABA}.Debug|Any CPU.ActiveCfg = Debug|Any CPU
		{0C2161E0-5E69-4B3B-AB0A-349030756ABA}.Debug|Any CPU.Build.0 = Debug|Any CPU
		{0C2161E0-5E69-4B3B-AB0A-349030756ABA}.Release|Any CPU.ActiveCfg = Release|Any CPU
		{0C2161E0-5E69-4B3B-AB0A-349030756ABA}.Release|Any CPU.Build.0 = Release|Any CPU
		{A21AA2CD-FB16-4A14-9C48-BD26A9BD96E0}.Debug|Any CPU.ActiveCfg = Debug|Any CPU
		{A21AA2CD-FB16-4A14-9C48-BD26A9BD96E0}.Debug|Any CPU.Build.0 = Debug|Any CPU
		{A21AA2CD-FB16-4A14-9C48-BD26A9BD96E0}.Release|Any CPU.ActiveCfg = Release|Any CPU
		{A21AA2CD-FB16-4A14-9C48-BD26A9BD96E0}.Release|Any CPU.Build.0 = Release|Any CPU
	EndGlobalSection
	GlobalSection(SolutionProperties) = preSolution
		HideSolutionNode = FALSE
	EndGlobalSection
	GlobalSection(ExtensibilityGlobals) = postSolution
		SolutionGuid = {5F7AC35C-56B9-47DD-A931-563DBAF4185F}
	EndGlobalSection
EndGlobal
